
Microsoft Visual Studio Solution File, Format Version 12.00
# Visual Studio Express 2013 for Web
VisualStudioVersion = 12.0.30501.0
MinimumVisualStudioVersion = 10.0.40219.1
Project("{888888A0-9F3D-457C-B088-3A5042F75D52}") = "malabarhouse", "malabarhouse.pyproj", "{FC6E9A57-EDC1-480C-AB94-EAEB26A6879F}"
EndProject
Global
	GlobalSection(SolutionConfigurationPlatforms) = preSolution
		Debug|Any CPU = Debug|Any CPU
		Release|Any CPU = Release|Any CPU
	EndGlobalSection
	GlobalSection(ProjectConfigurationPlatforms) = postSolution
		{FC6E9A57-EDC1-480C-AB94-EAEB26A6879F}.Debug|Any CPU.ActiveCfg = Debug|Any CPU
		{FC6E9A57-EDC1-480C-AB94-EAEB26A6879F}.Debug|Any CPU.Build.0 = Debug|Any CPU
		{FC6E9A57-EDC1-480C-AB94-EAEB26A6879F}.Release|Any CPU.ActiveCfg = Release|Any CPU
		{FC6E9A57-EDC1-480C-AB94-EAEB26A6879F}.Release|Any CPU.Build.0 = Release|Any CPU
	EndGlobalSection
	GlobalSection(SolutionProperties) = preSolution
		HideSolutionNode = FALSE
	EndGlobalSection
EndGlobal
